{
  "name": "@jie-cli/package",
  "version": "0.0.17",
  "lockfileVersion": 2,
  "requires": true,
  "packages": {
    "": {
      "name": "@jie-cli/package",
      "version": "0.0.17",
      "license": "ISC",
      "dependencies": {
        "@jie-cli/utils": "file:../../../../utils",
        "pkg-dir": "^5.0.0"
      }
    },
    "../../../../utils": {},
    "node_modules/@jie-cli/utils": {
      "resolved": "../../../../utils",
      "link": true
    },
    "node_modules/find-up": {
      "version": "5.0.0",
      "license": "MIT",
      "dependencies": {
        "locate-path": "^6.0.0",
        "path-exists": "^4.0.0"
      },
      "engines": {
        "node": ">=10"
      },
      "funding": {
        "url": "https://github.com/sponsors/sindresorhus"
      }
    },
    "node_modules/locate-path": {
      "version": "6.0.0",
      "license": "MIT",
      "dependencies": {
        "p-locate": "^5.0.0"
      },
      "engines": {
        "node": ">=10"
      },
      "funding": {
        "url": "https://github.com/sponsors/sindresorhus"
      }
    },
    "node_modules/p-limit": {
      "version": "3.1.0",
      "license": "MIT",
      "dependencies": {
        "yocto-queue": "^0.1.0"
      },
      "engines": {
        "node": ">=10"
      },
      "funding": {
        "url": "https://github.com/sponsors/sindresorhus"
      }
    },
    "node_modules/p-locate": {
      "version": "5.0.0",
      "license": "MIT",
      "dependencies": {
        "p-limit": "^3.0.2"
      },
      "engines": {
        "node": ">=10"
      },
      "funding": {
        "url": "https://github.com/sponsors/sindresorhus"
      }
    },
    "node_modules/path-exists": {
      "version": "4.0.0",
      "license": "MIT",
      "engines": {
        "node": ">=8"
      }
    },
    "node_modules/pkg-dir": {
      "version": "5.0.0",
      "license": "MIT",
      "dependencies": {
        "find-up": "^5.0.0"
      },
      "engines": {
        "node": ">=10"
      }
    },
    "node_modules/yocto-queue": {
      "version": "0.1.0",
      "license": "MIT",
      "engines": {
        "node": ">=10"
      },
      "funding": {
        "url": "https://github.com/sponsors/sindresorhus"
      }
    }
  },
  "dependencies": {
    "@jie-cli/utils": {
      "version": "file:../../../../utils"
    },
    "find-up": {
      "version": "5.0.0",
      "requires": {
        "locate-path": "^6.0.0",
        "path-exists": "^4.0.0"
      }
    },
    "locate-path": {
      "version": "6.0.0",
      "requires": {
        "p-locate": "^5.0.0"
      }
    },
    "p-limit": {
      "version": "3.1.0",
      "requires": {
        "yocto-queue": "^0.1.0"
      }
    },
    "p-locate": {
      "version": "5.0.0",
      "requires": {
        "p-limit": "^3.0.2"
      }
    },
    "path-exists": {
      "version": "4.0.0"
    },
    "pkg-dir": {
      "version": "5.0.0",
      "requires": {
        "find-up": "^5.0.0"
      }
    },
    "yocto-queue": {
      "version": "0.1.0"
    }
  }
}
